
Microsoft Visual Studio Solution File, Format Version 12.00
# Visual Studio Version 17
VisualStudioVersion = 17.0.31903.59
MinimumVisualStudioVersion = 10.0.40219.1
Project("{9A19103F-16F7-4668-BE54-9A1E7A4F7556}") = "ServerTCP", "ServerTCP\ServerTCP.csproj", "{83F252F8-B137-4A9D-9E09-4B9B91AB55C0}"
EndProject
Project("{9A19103F-16F7-4668-BE54-9A1E7A4F7556}") = "ClientTCP", "ClientTCP\ClientTCP.csproj", "{8748F748-C3AA-4B8B-BCAB-E306B9D3DEC4}"
EndProject
Project("{FAE04EC0-301F-11D3-BF4B-00C04F79EFBC}") = "CoreLib", "CoreLib\CoreLib.csproj", "{88F44076-D1B2-4055-8137-3ED94A081F49}"
EndProject
Project("{FAE04EC0-301F-11D3-BF4B-00C04F79EFBC}") = "ClientUDP", "ClientUDP\ClientUDP.csproj", "{6D7FA702-85F1-4ED8-96E2-1456C2A65226}"
EndProject
Project("{FAE04EC0-301F-11D3-BF4B-00C04F79EFBC}") = "ServerUDP", "ServerUDP\ServerUDP.csproj", "{56266E58-ABDE-426D-B036-FCBE54D7C6DE}"
EndProject
Global
	GlobalSection(SolutionConfigurationPlatforms) = preSolution
		Debug|Any CPU = Debug|Any CPU
		Release|Any CPU = Release|Any CPU
	EndGlobalSection
	GlobalSection(ProjectConfigurationPlatforms) = postSolution
		{83F252F8-B137-4A9D-9E09-4B9B91AB55C0}.Debug|Any CPU.ActiveCfg = Debug|Any CPU
		{83F252F8-B137-4A9D-9E09-4B9B91AB55C0}.Debug|Any CPU.Build.0 = Debug|Any CPU
		{83F252F8-B137-4A9D-9E09-4B9B91AB55C0}.Release|Any CPU.ActiveCfg = Release|Any CPU
		{83F252F8-B137-4A9D-9E09-4B9B91AB55C0}.Release|Any CPU.Build.0 = Release|Any CPU
		{8748F748-C3AA-4B8B-BCAB-E306B9D3DEC4}.Debug|Any CPU.ActiveCfg = Debug|Any CPU
		{8748F748-C3AA-4B8B-BCAB-E306B9D3DEC4}.Debug|Any CPU.Build.0 = Debug|Any CPU
		{8748F748-C3AA-4B8B-BCAB-E306B9D3DEC4}.Release|Any CPU.ActiveCfg = Release|Any CPU
		{8748F748-C3AA-4B8B-BCAB-E306B9D3DEC4}.Release|Any CPU.Build.0 = Release|Any CPU
		{88F44076-D1B2-4055-8137-3ED94A081F49}.Debug|Any CPU.ActiveCfg = Debug|Any CPU
		{88F44076-D1B2-4055-8137-3ED94A081F49}.Debug|Any CPU.Build.0 = Debug|Any CPU
		{88F44076-D1B2-4055-8137-3ED94A081F49}.Release|Any CPU.ActiveCfg = Release|Any CPU
		{88F44076-D1B2-4055-8137-3ED94A081F49}.Release|Any CPU.Build.0 = Release|Any CPU
		{6D7FA702-85F1-4ED8-96E2-1456C2A65226}.Debug|Any CPU.ActiveCfg = Debug|Any CPU
		{6D7FA702-85F1-4ED8-96E2-1456C2A65226}.Debug|Any CPU.Build.0 = Debug|Any CPU
		{6D7FA702-85F1-4ED8-96E2-1456C2A65226}.Release|Any CPU.ActiveCfg = Release|Any CPU
		{6D7FA702-85F1-4ED8-96E2-1456C2A65226}.Release|Any CPU.Build.0 = Release|Any CPU
		{56266E58-ABDE-426D-B036-FCBE54D7C6DE}.Debug|Any CPU.ActiveCfg = Debug|Any CPU
		{56266E58-ABDE-426D-B036-FCBE54D7C6DE}.Debug|Any CPU.Build.0 = Debug|Any CPU
		{56266E58-ABDE-426D-B036-FCBE54D7C6DE}.Release|Any CPU.ActiveCfg = Release|Any CPU
		{56266E58-ABDE-426D-B036-FCBE54D7C6DE}.Release|Any CPU.Build.0 = Release|Any CPU
	EndGlobalSection
	GlobalSection(SolutionProperties) = preSolution
		HideSolutionNode = FALSE
	EndGlobalSection
	GlobalSection(ExtensibilityGlobals) = postSolution
		SolutionGuid = {DEC6EF6C-8337-451C-8997-927A35F5602B}
	EndGlobalSection
EndGlobal
